{
  "name": "CS305-Project",
  "version": "1.0.0",
  "lockfileVersion": 3,
  "requires": true,
  "packages": {
    "": {
      "name": "CS305-Project",
      "version": "1.0.0",
      "license": "ISC",
      "dependencies": {
        "CS305-Project": "file:"
      }
    },
    "node_modules/CS305-Project": {
      "resolved": "",
      "link": true
    }
  }
}
